// !$*UTF8*$!
{
	archiveVersion = 1;
	classes = {
	};
	objectVersion = 56;
	objects = {

/* Begin PBXBuildFile section */
		725281342BBC233700399C91 /* UIViewController+Ext.swift in Sources */ = {isa = PBXBuildFile; fileRef = 725281332BBC233700399C91 /* UIViewController+Ext.swift */; };
		72D17C4D2BBABB1F005FEB64 /* AppDelegate.swift in Sources */ = {isa = PBXBuildFile; fileRef = 72D17C4C2BBABB1F005FEB64 /* AppDelegate.swift */; };
		72D17C4F2BBABB1F005FEB64 /* SceneDelegate.swift in Sources */ = {isa = PBXBuildFile; fileRef = 72D17C4E2BBABB1F005FEB64 /* SceneDelegate.swift */; };
		72D17C512BBABB1F005FEB64 /* MainViewController.swift in Sources */ = {isa = PBXBuildFile; fileRef = 72D17C502BBABB1F005FEB64 /* MainViewController.swift */; };
		72D17C562BBABB21005FEB64 /* Assets.xcassets in Resources */ = {isa = PBXBuildFile; fileRef = 72D17C552BBABB21005FEB64 /* Assets.xcassets */; };
		72D17C592BBABB21005FEB64 /* LaunchScreen.storyboard in Resources */ = {isa = PBXBuildFile; fileRef = 72D17C572BBABB21005FEB64 /* LaunchScreen.storyboard */; };
		72D17C642BBABBD8005FEB64 /* UIView+Ext.swift in Sources */ = {isa = PBXBuildFile; fileRef = 72D17C632BBABBD8005FEB64 /* UIView+Ext.swift */; };
		72D17C682BBACBA9005FEB64 /* PlaceAnnotation.swift in Sources */ = {isa = PBXBuildFile; fileRef = 72D17C672BBACBA9005FEB64 /* PlaceAnnotation.swift */; };
		72D17C6A2BBACC55005FEB64 /* CLLocation+Ext.swift in Sources */ = {isa = PBXBuildFile; fileRef = 72D17C692BBACC55005FEB64 /* CLLocation+Ext.swift */; };
		72D17C6D2BBACECA005FEB64 /* ListTableViewController.swift in Sources */ = {isa = PBXBuildFile; fileRef = 72D17C6C2BBACECA005FEB64 /* ListTableViewController.swift */; };
		72D17C6F2BBAD79F005FEB64 /* DetailViewController.swift in Sources */ = {isa = PBXBuildFile; fileRef = 72D17C6E2BBAD79F005FEB64 /* DetailViewController.swift */; };
/* End PBXBuildFile section */

/* Begin PBXFileReference section */
		725281332BBC233700399C91 /* UIViewController+Ext.swift */ = {isa = PBXFileReference; lastKnownFileType = sourcecode.swift; path = "UIViewController+Ext.swift"; sourceTree = "<group>"; };
		72D17C492BBABB1F005FEB64 /* CoffeeApp.app */ = {isa = PBXFileReference; explicitFileType = wrapper.application; includeInIndex = 0; path = CoffeeApp.app; sourceTree = BUILT_PRODUCTS_DIR; };
		72D17C4C2BBABB1F005FEB64 /* AppDelegate.swift */ = {isa = PBXFileReference; lastKnownFileType = sourcecode.swift; path = AppDelegate.swift; sourceTree = "<group>"; };
		72D17C4E2BBABB1F005FEB64 /* SceneDelegate.swift */ = {isa = PBXFileReference; lastKnownFileType = sourcecode.swift; path = SceneDelegate.swift; sourceTree = "<group>"; };
		72D17C502BBABB1F005FEB64 /* MainViewController.swift */ = {isa = PBXFileReference; lastKnownFileType = sourcecode.swift; path = MainViewController.swift; sourceTree = "<group>"; };
		72D17C552BBABB21005FEB64 /* Assets.xcassets */ = {isa = PBXFileReference; lastKnownFileType = folder.assetcatalog; path = Assets.xcassets; sourceTree = "<group>"; };
		72D17C582BBABB21005FEB64 /* Base */ = {isa = PBXFileReference; lastKnownFileType = file.storyboard; name = Base; path = Base.lproj/LaunchScreen.storyboard; sourceTree = "<group>"; };
		72D17C5A2BBABB21005FEB64 /* Info.plist */ = {isa = PBXFileReference; lastKnownFileType = text.plist.xml; path = Info.plist; sourceTree = "<group>"; };
		72D17C632BBABBD8005FEB64 /* UIView+Ext.swift */ = {isa = PBXFileReference; lastKnownFileType = sourcecode.swift; path = "UIView+Ext.swift"; sourceTree = "<group>"; };
		72D17C672BBACBA9005FEB64 /* PlaceAnnotation.swift */ = {isa = PBXFileReference; lastKnownFileType = sourcecode.swift; path = PlaceAnnotation.swift; sourceTree = "<group>"; };
		72D17C692BBACC55005FEB64 /* CLLocation+Ext.swift */ = {isa = PBXFileReference; lastKnownFileType = sourcecode.swift; path = "CLLocation+Ext.swift"; sourceTree = "<group>"; };
		72D17C6C2BBACECA005FEB64 /* ListTableViewController.swift */ = {isa = PBXFileReference; lastKnownFileType = sourcecode.swift; path = ListTableViewController.swift; sourceTree = "<group>"; };
		72D17C6E2BBAD79F005FEB64 /* DetailViewController.swift */ = {isa = PBXFileReference; lastKnownFileType = sourcecode.swift; path = DetailViewController.swift; sourceTree = "<group>"; };
/* End PBXFileReference section */

/* Begin PBXFrameworksBuildPhase section */
		72D17C462BBABB1F005FEB64 /* Frameworks */ = {
			isa = PBXFrameworksBuildPhase;
			buildActionMask = 2147483647;
			files = (
			);
			runOnlyForDeploymentPostprocessing = 0;
		};
/* End PBXFrameworksBuildPhase section */

/* Begin PBXGroup section */
		72D17C402BBABB1F005FEB64 = {
			isa = PBXGroup;
			children = (
				72D17C4B2BBABB1F005FEB64 /* CoffeeApp */,
				72D17C4A2BBABB1F005FEB64 /* Products */,
			);
			sourceTree = "<group>";
		};
		72D17C4A2BBABB1F005FEB64 /* Products */ = {
			isa = PBXGroup;
			children = (
				72D17C492BBABB1F005FEB64 /* CoffeeApp.app */,
			);
			name = Products;
			sourceTree = "<group>";
		};
		72D17C4B2BBABB1F005FEB64 /* CoffeeApp */ = {
			isa = PBXGroup;
			children = (
				72D17C6B2BBACE91005FEB64 /* Models */,
				72D17C652BBACB92005FEB64 /* Views */,
				72D17C612BBABB4F005FEB64 /* Controllers */,
				72D17C622BBABBCD005FEB64 /* Extensions */,
				72D17C602BBABB44005FEB64 /* Resources */,
				72D17C5A2BBABB21005FEB64 /* Info.plist */,
			);
			path = CoffeeApp;
			sourceTree = "<group>";
		};
		72D17C602BBABB44005FEB64 /* Resources */ = {
			isa = PBXGroup;
			children = (
				72D17C4C2BBABB1F005FEB64 /* AppDelegate.swift */,
				72D17C4E2BBABB1F005FEB64 /* SceneDelegate.swift */,
				72D17C552BBABB21005FEB64 /* Assets.xcassets */,
				72D17C572BBABB21005FEB64 /* LaunchScreen.storyboard */,
			);
			path = Resources;
			sourceTree = "<group>";
		};
		72D17C612BBABB4F005FEB64 /* Controllers */ = {
			isa = PBXGroup;
			children = (
				72D17C502BBABB1F005FEB64 /* MainViewController.swift */,
				72D17C6C2BBACECA005FEB64 /* ListTableViewController.swift */,
				72D17C6E2BBAD79F005FEB64 /* DetailViewController.swift */,
			);
			path = Controllers;
			sourceTree = "<group>";
		};
		72D17C622BBABBCD005FEB64 /* Extensions */ = {
			isa = PBXGroup;
			children = (
				72D17C632BBABBD8005FEB64 /* UIView+Ext.swift */,
				72D17C692BBACC55005FEB64 /* CLLocation+Ext.swift */,
				725281332BBC233700399C91 /* UIViewController+Ext.swift */,
			);
			path = Extensions;
			sourceTree = "<group>";
		};
		72D17C652BBACB92005FEB64 /* Views */ = {
			isa = PBXGroup;
			children = (
			);
			path = Views;
			sourceTree = "<group>";
		};
		72D17C6B2BBACE91005FEB64 /* Models */ = {
			isa = PBXGroup;
			children = (
				72D17C672BBACBA9005FEB64 /* PlaceAnnotation.swift */,
			);
			path = Models;
			sourceTree = "<group>";
		};
/* End PBXGroup section */

/* Begin PBXNativeTarget section */
		72D17C482BBABB1F005FEB64 /* CoffeeApp */ = {
			isa = PBXNativeTarget;
			buildConfigurationList = 72D17C5D2BBABB21005FEB64 /* Build configuration list for PBXNativeTarget "CoffeeApp" */;
			buildPhases = (
				72D17C452BBABB1F005FEB64 /* Sources */,
				72D17C462BBABB1F005FEB64 /* Frameworks */,
				72D17C472BBABB1F005FEB64 /* Resources */,
			);
			buildRules = (
			);
			dependencies = (
			);
			name = CoffeeApp;
			productName = CoffeeApp;
			productReference = 72D17C492BBABB1F005FEB64 /* CoffeeApp.app */;
			productType = "com.apple.product-type.application";
		};
/* End PBXNativeTarget section */

/* Begin PBXProject section */
		72D17C412BBABB1F005FEB64 /* Project object */ = {
			isa = PBXProject;
			attributes = {
				BuildIndependentTargetsInParallel = 1;
				LastSwiftUpdateCheck = 1510;
				LastUpgradeCheck = 1510;
				TargetAttributes = {
					72D17C482BBABB1F005FEB64 = {
						CreatedOnToolsVersion = 15.1;
					};
				};
			};
			buildConfigurationList = 72D17C442BBABB1F005FEB64 /* Build configuration list for PBXProject "CoffeeApp" */;
			compatibilityVersion = "Xcode 14.0";
			developmentRegion = en;
			hasScannedForEncodings = 0;
			knownRegions = (
				en,
				Base,
			);
			mainGroup = 72D17C402BBABB1F005FEB64;
			productRefGroup = 72D17C4A2BBABB1F005FEB64 /* Products */;
			projectDirPath = "";
			projectRoot = "";
			targets = (
				72D17C482BBABB1F005FEB64 /* CoffeeApp */,
			);
		};
/* End PBXProject section */

/* Begin PBXResourcesBuildPhase section */
		72D17C472BBABB1F005FEB64 /* Resources */ = {
			isa = PBXResourcesBuildPhase;
			buildActionMask = 2147483647;
			files = (
				72D17C592BBABB21005FEB64 /* LaunchScreen.storyboard in Resources */,
				72D17C562BBABB21005FEB64 /* Assets.xcassets in Resources */,
			);
			runOnlyForDeploymentPostprocessing = 0;
		};
/* End PBXResourcesBuildPhase section */

/* Begin PBXSourcesBuildPhase section */
		72D17C452BBABB1F005FEB64 /* Sources */ = {
			isa = PBXSourcesBuildPhase;
			buildActionMask = 2147483647;
			files = (
				72D17C642BBABBD8005FEB64 /* UIView+Ext.swift in Sources */,
				72D17C512BBABB1F005FEB64 /* MainViewController.swift in Sources */,
				72D17C682BBACBA9005FEB64 /* PlaceAnnotation.swift in Sources */,
				72D17C6A2BBACC55005FEB64 /* CLLocation+Ext.swift in Sources */,
				72D17C4D2BBABB1F005FEB64 /* AppDelegate.swift in Sources */,
				72D17C4F2BBABB1F005FEB64 /* SceneDelegate.swift in Sources */,
				72D17C6D2BBACECA005FEB64 /* ListTableViewController.swift in Sources */,
				72D17C6F2BBAD79F005FEB64 /* DetailViewController.swift in Sources */,
				725281342BBC233700399C91 /* UIViewController+Ext.swift in Sources */,
			);
			runOnlyForDeploymentPostprocessing = 0;
		};
/* End PBXSourcesBuildPhase section */

/* Begin PBXVariantGroup section */
		72D17C572BBABB21005FEB64 /* LaunchScreen.storyboard */ = {
			isa = PBXVariantGroup;
			children = (
				72D17C582BBABB21005FEB64 /* Base */,
			);
			name = LaunchScreen.storyboard;
			sourceTree = "<group>";
		};
/* End PBXVariantGroup section */

/* Begin XCBuildConfiguration section */
		72D17C5B2BBABB21005FEB64 /* Debug */ = {
			isa = XCBuildConfiguration;
			buildSettings = {
				ALWAYS_SEARCH_USER_PATHS = NO;
				ASSETCATALOG_COMPILER_GENERATE_SWIFT_ASSET_SYMBOL_EXTENSIONS = YES;
				CLANG_ANALYZER_NONNULL = YES;
				CLANG_ANALYZER_NUMBER_OBJECT_CONVERSION = YES_AGGRESSIVE;
				CLANG_CXX_LANGUAGE_STANDARD = "gnu++20";
				CLANG_ENABLE_MODULES = YES;
				CLANG_ENABLE_OBJC_ARC = YES;
				CLANG_ENABLE_OBJC_WEAK = YES;
				CLANG_WARN_BLOCK_CAPTURE_AUTORELEASING = YES;
				CLANG_WARN_BOOL_CONVERSION = YES;
				CLANG_WARN_COMMA = YES;
				CLANG_WARN_CONSTANT_CONVERSION = YES;
				CLANG_WARN_DEPRECATED_OBJC_IMPLEMENTATIONS = YES;
				CLANG_WARN_DIRECT_OBJC_ISA_USAGE = YES_ERROR;
				CLANG_WARN_DOCUMENTATION_COMMENTS = YES;
				CLANG_WARN_EMPTY_BODY = YES;
				CLANG_WARN_ENUM_CONVERSION = YES;
				CLANG_WARN_INFINITE_RECURSION = YES;
				CLANG_WARN_INT_CONVERSION = YES;
				CLANG_WARN_NON_LITERAL_NULL_CONVERSION = YES;
				CLANG_WARN_OBJC_IMPLICIT_RETAIN_SELF = YES;
				CLANG_WARN_OBJC_LITERAL_CONVERSION = YES;
				CLANG_WARN_OBJC_ROOT_CLASS = YES_ERROR;
				CLANG_WARN_QUOTED_INCLUDE_IN_FRAMEWORK_HEADER = YES;
				CLANG_WARN_RANGE_LOOP_ANALYSIS = YES;
				CLANG_WARN_STRICT_PROTOTYPES = YES;
				CLANG_WARN_SUSPICIOUS_MOVE = YES;
				CLANG_WARN_UNGUARDED_AVAILABILITY = YES_AGGRESSIVE;
				CLANG_WARN_UNREACHABLE_CODE = YES;
				CLANG_WARN__DUPLICATE_METHOD_MATCH = YES;
				COPY_PHASE_STRIP = NO;
				DEBUG_INFORMATION_FORMAT = dwarf;
				ENABLE_STRICT_OBJC_MSGSEND = YES;
				ENABLE_TESTABILITY = YES;
				ENABLE_USER_SCRIPT_SANDBOXING = YES;
				GCC_C_LANGUAGE_STANDARD = gnu17;
				GCC_DYNAMIC_NO_PIC = NO;
				GCC_NO_COMMON_BLOCKS = YES;
				GCC_OPTIMIZATION_LEVEL = 0;
				GCC_PREPROCESSOR_DEFINITIONS = (
					"DEBUG=1",
					"$(inherited)",
				);
				GCC_WARN_64_TO_32_BIT_CONVERSION = YES;
				GCC_WARN_ABOUT_RETURN_TYPE = YES_ERROR;
				GCC_WARN_UNDECLARED_SELECTOR = YES;
				GCC_WARN_UNINITIALIZED_AUTOS = YES_AGGRESSIVE;
				GCC_WARN_UNUSED_FUNCTION = YES;
				GCC_WARN_UNUSED_VARIABLE = YES;
				IPHONEOS_DEPLOYMENT_TARGET = 17.2;
				LOCALIZATION_PREFERS_STRING_CATALOGS = YES;
				MTL_ENABLE_DEBUG_INFO = INCLUDE_SOURCE;
				MTL_FAST_MATH = YES;
				ONLY_ACTIVE_ARCH = YES;
				SDKROOT = iphoneos;
				SWIFT_ACTIVE_COMPILATION_CONDITIONS = "DEBUG $(inherited)";
				SWIFT_OPTIMIZATION_LEVEL = "-Onone";
			};
			name = Debug;
		};
		72D17C5C2BBABB21005FEB64 /* Release */ = {
			isa = XCBuildConfiguration;
			buildSettings = {
				ALWAYS_SEARCH_USER_PATHS = NO;
				ASSETCATALOG_COMPILER_GENERATE_SWIFT_ASSET_SYMBOL_EXTENSIONS = YES;
				CLANG_ANALYZER_NONNULL = YES;
				CLANG_ANALYZER_NUMBER_OBJECT_CONVERSION = YES_AGGRESSIVE;
				CLANG_CXX_LANGUAGE_STANDARD = "gnu++20";
				CLANG_ENABLE_MODULES = YES;
				CLANG_ENABLE_OBJC_ARC = YES;
				CLANG_ENABLE_OBJC_WEAK = YES;
				CLANG_WARN_BLOCK_CAPTURE_AUTORELEASING = YES;
				CLANG_WARN_BOOL_CONVERSION = YES;
				CLANG_WARN_COMMA = YES;
				CLANG_WARN_CONSTANT_CONVERSION = YES;
				CLANG_WARN_DEPRECATED_OBJC_IMPLEMENTATIONS = YES;
				CLANG_WARN_DIRECT_OBJC_ISA_USAGE = YES_ERROR;
				CLANG_WARN_DOCUMENTATION_COMMENTS = YES;
				CLANG_WARN_EMPTY_BODY = YES;
				CLANG_WARN_ENUM_CONVERSION = YES;
				CLANG_WARN_INFINITE_RECURSION = YES;
				CLANG_WARN_INT_CONVERSION = YES;
				CLANG_WARN_NON_LITERAL_NULL_CONVERSION = YES;
				CLANG_WARN_OBJC_IMPLICIT_RETAIN_SELF = YES;
				CLANG_WARN_OBJC_LITERAL_CONVERSION = YES;
				CLANG_WARN_OBJC_ROOT_CLASS = YES_ERROR;
				CLANG_WARN_QUOTED_INCLUDE_IN_FRAMEWORK_HEADER = YES;
				CLANG_WARN_RANGE_LOOP_ANALYSIS = YES;
				CLANG_WARN_STRICT_PROTOTYPES = YES;
				CLANG_WARN_SUSPICIOUS_MOVE = YES;
				CLANG_WARN_UNGUARDED_AVAILABILITY = YES_AGGRESSIVE;
				CLANG_WARN_UNREACHABLE_CODE = YES;
				CLANG_WARN__DUPLICATE_METHOD_MATCH = YES;
				COPY_PHASE_STRIP = NO;
				DEBUG_INFORMATION_FORMAT = "dwarf-with-dsym";
				ENABLE_NS_ASSERTIONS = NO;
				ENABLE_STRICT_OBJC_MSGSEND = YES;
				ENABLE_USER_SCRIPT_SANDBOXING = YES;
				GCC_C_LANGUAGE_STANDARD = gnu17;
				GCC_NO_COMMON_BLOCKS = YES;
				GCC_WARN_64_TO_32_BIT_CONVERSION = YES;
				GCC_WARN_ABOUT_RETURN_TYPE = YES_ERROR;
				GCC_WARN_UNDECLARED_SELECTOR = YES;
				GCC_WARN_UNINITIALIZED_AUTOS = YES_AGGRESSIVE;
				GCC_WARN_UNUSED_FUNCTION = YES;
				GCC_WARN_UNUSED_VARIABLE = YES;
				IPHONEOS_DEPLOYMENT_TARGET = 17.2;
				LOCALIZATION_PREFERS_STRING_CATALOGS = YES;
				MTL_ENABLE_DEBUG_INFO = NO;
				MTL_FAST_MATH = YES;
				SDKROOT = iphoneos;
				SWIFT_COMPILATION_MODE = wholemodule;
				VALIDATE_PRODUCT = YES;
			};
			name = Release;
		};
		72D17C5E2BBABB21005FEB64 /* Debug */ = {
			isa = XCBuildConfiguration;
			buildSettings = {
				ASSETCATALOG_COMPILER_APPICON_NAME = AppIcon;
				ASSETCATALOG_COMPILER_GLOBAL_ACCENT_COLOR_NAME = AccentColor;
				CODE_SIGN_STYLE = Automatic;
				CURRENT_PROJECT_VERSION = 1;
				DEVELOPMENT_TEAM = NJVM2X728T;
				GENERATE_INFOPLIST_FILE = YES;
				INFOPLIST_FILE = CoffeeApp/Info.plist;
				INFOPLIST_KEY_UIApplicationSupportsIndirectInputEvents = YES;
				INFOPLIST_KEY_UILaunchStoryboardName = LaunchScreen;
				INFOPLIST_KEY_UISupportedInterfaceOrientations_iPad = "UIInterfaceOrientationPortrait UIInterfaceOrientationPortraitUpsideDown UIInterfaceOrientationLandscapeLeft UIInterfaceOrientationLandscapeRight";
				INFOPLIST_KEY_UISupportedInterfaceOrientations_iPhone = "UIInterfaceOrientationPortrait UIInterfaceOrientationLandscapeLeft UIInterfaceOrientationLandscapeRight";
				IPHONEOS_DEPLOYMENT_TARGET = 16.6;
				LD_RUNPATH_SEARCH_PATHS = (
					"$(inherited)",
					"@executable_path/Frameworks",
				);
				MARKETING_VERSION = 1.0;
				PRODUCT_BUNDLE_IDENTIFIER = com.chingizagha.CoffeeApp;
				PRODUCT_NAME = "$(TARGET_NAME)";
				SWIFT_EMIT_LOC_STRINGS = YES;
				SWIFT_VERSION = 5.0;
				TARGETED_DEVICE_FAMILY = "1,2";
			};
			name = Debug;
		};
		72D17C5F2BBABB21005FEB64 /* Release */ = {
			isa = XCBuildConfiguration;
			buildSettings = {
				ASSETCATALOG_COMPILER_APPICON_NAME = AppIcon;
				ASSETCATALOG_COMPILER_GLOBAL_ACCENT_COLOR_NAME = AccentColor;
				CODE_SIGN_STYLE = Automatic;
				CURRENT_PROJECT_VERSION = 1;
				DEVELOPMENT_TEAM = NJVM2X728T;
				GENERATE_INFOPLIST_FILE = YES;
				INFOPLIST_FILE = CoffeeApp/Info.plist;
				INFOPLIST_KEY_UIApplicationSupportsIndirectInputEvents = YES;
				INFOPLIST_KEY_UILaunchStoryboardName = LaunchScreen;
				INFOPLIST_KEY_UISupportedInterfaceOrientations_iPad = "UIInterfaceOrientationPortrait UIInterfaceOrientationPortraitUpsideDown UIInterfaceOrientationLandscapeLeft UIInterfaceOrientationLandscapeRight";
				INFOPLIST_KEY_UISupportedInterfaceOrientations_iPhone = "UIInterfaceOrientationPortrait UIInterfaceOrientationLandscapeLeft UIInterfaceOrientationLandscapeRight";
				IPHONEOS_DEPLOYMENT_TARGET = 16.6;
				LD_RUNPATH_SEARCH_PATHS = (
					"$(inherited)",
					"@executable_path/Frameworks",
				);
				MARKETING_VERSION = 1.0;
				PRODUCT_BUNDLE_IDENTIFIER = com.chingizagha.CoffeeApp;
				PRODUCT_NAME = "$(TARGET_NAME)";
				SWIFT_EMIT_LOC_STRINGS = YES;
				SWIFT_VERSION = 5.0;
				TARGETED_DEVICE_FAMILY = "1,2";
			};
			name = Release;
		};
/* End XCBuildConfiguration section */

/* Begin XCConfigurationList section */
		72D17C442BBABB1F005FEB64 /* Build configuration list for PBXProject "CoffeeApp" */ = {
			isa = XCConfigurationList;
			buildConfigurations = (
				72D17C5B2BBABB21005FEB64 /* Debug */,
				72D17C5C2BBABB21005FEB64 /* Release */,
			);
			defaultConfigurationIsVisible = 0;
			defaultConfigurationName = Release;
		};
		72D17C5D2BBABB21005FEB64 /* Build configuration list for PBXNativeTarget "CoffeeApp" */ = {
			isa = XCConfigurationList;
			buildConfigurations = (
				72D17C5E2BBABB21005FEB64 /* Debug */,
				72D17C5F2BBABB21005FEB64 /* Release */,
			);
			defaultConfigurationIsVisible = 0;
			defaultConfigurationName = Release;
		};
/* End XCConfigurationList section */
	};
	rootObject = 72D17C412BBABB1F005FEB64 /* Project object */;
}
